
Microsoft Visual Studio Solution File, Format Version 12.00
# Visual Studio Version 16
VisualStudioVersion = 16.0.31321.278
MinimumVisualStudioVersion = 10.0.40219.1
Project("{FAE04EC0-301F-11D3-BF4B-00C04F79EFBC}") = "be-angular-project", "be-angular-project\be-angular-project.csproj", "{CB1C30F8-83F4-4317-A4CA-857A1C79E84B}"
EndProject
Global
	GlobalSection(SolutionConfigurationPlatforms) = preSolution
		Debug|Any CPU = Debug|Any CPU
		Release|Any CPU = Release|Any CPU
	EndGlobalSection
	GlobalSection(ProjectConfigurationPlatforms) = postSolution
		{CB1C30F8-83F4-4317-A4CA-857A1C79E84B}.Debug|Any CPU.ActiveCfg = Debug|Any CPU
		{CB1C30F8-83F4-4317-A4CA-857A1C79E84B}.Debug|Any CPU.Build.0 = Debug|Any CPU
		{CB1C30F8-83F4-4317-A4CA-857A1C79E84B}.Release|Any CPU.ActiveCfg = Release|Any CPU
		{CB1C30F8-83F4-4317-A4CA-857A1C79E84B}.Release|Any CPU.Build.0 = Release|Any CPU
	EndGlobalSection
	GlobalSection(SolutionProperties) = preSolution
		HideSolutionNode = FALSE
	EndGlobalSection
	GlobalSection(ExtensibilityGlobals) = postSolution
		SolutionGuid = {5921D218-24F0-43DC-9348-83D31EF42E4A}
	EndGlobalSection
EndGlobal
